# This file is autogenerated, do not edit; changes may be undone by the next 'dep ensure'.


[[projects]]
  digest = "1:e1ff887e232b2d8f4f7c7db15a5fac7be418025afc4dda53c59c765dbb5aa6b4"
  name = "github.com/go-playground/locales"
  packages = [
    ".",
    "currency",
  ]
  pruneopts = "UT"
  revision = "f63010822830b6fe52288ee52d5a1151088ce039"
  version = "v0.12.1"

[[projects]]
  digest = "1:e022cf244bcac1b6ef933f1a2e0adcf6a6dfd7b872d8d41e4d4179bb09a87cbc"
  name = "github.com/go-playground/universal-translator"
  packages = ["."]
  pruneopts = "UT"
  revision = "b32fa301c9fe55953584134cb6853a13c87ec0a1"
  version = "v0.16.0"

[[projects]]
  digest = "1:c79fb010be38a59d657c48c6ba1d003a8aa651fa56b579d959d74573b7dff8e1"
  name = "github.com/gorilla/context"
  packages = ["."]
  pruneopts = "UT"
  revision = "08b5f424b9271eedf6f9f0ce86cb9396ed337a42"
  version = "v1.1.1"

[[projects]]
  digest = "1:ee7b499231ce18a66ff7af428ea13fc10db4430d84836c7bc3b3138ffb20a985"
  name = "github.com/gorilla/csrf"
  packages = ["."]
  pruneopts = "UT"
  revision = "38c9e4619f0d5d8ff3fb574fc6260901f2495776"
  version = "v1.6.0"

[[projects]]
  digest = "1:664d37ea261f0fc73dd17f4a1f5f46d01fbb0b0d75f6375af064824424109b7d"
  name = "github.com/gorilla/handlers"
  packages = ["."]
  pruneopts = "UT"
  revision = "7e0847f9db758cdebd26c149d0ae9d5d0b9c98ce"
  version = "v1.4.0"

[[projects]]
  digest = "1:cbec35fe4d5a4fba369a656a8cd65e244ea2c743007d8f6c1ccb132acf9d1296"
  name = "github.com/gorilla/mux"
  packages = ["."]
  pruneopts = "UT"
  revision = "00bdffe0f3c77e27d2cf6f5c70232a2d3e4d9c15"
  version = "v1.7.3"

[[projects]]
  digest = "1:e72d1ebb8d395cf9f346fd9cbc652e5ae222dd85e0ac842dc57f175abed6d195"
  name = "github.com/gorilla/securecookie"
  packages = ["."]
  pruneopts = "UT"
  revision = "e59506cc896acb7f7bf732d4fdf5e25f7ccd8983"
  version = "v1.1.1"

[[projects]]
  digest = "1:e5bf52fd66a2e984b57b4c0f2c4ee024ed749a19886246240629998dc0cf31ce"
  name = "github.com/gorilla/sessions"
  packages = ["."]
  pruneopts = "UT"
  revision = "f57b7e2d29c6211d16ffa52a0998272f75799030"
  version = "v1.1.3"

[[projects]]
  digest = "1:ecd9aa82687cf31d1585d4ac61d0ba180e42e8a6182b85bd785fcca8dfeefc1b"
  name = "github.com/joho/godotenv"
  packages = ["."]
  pruneopts = "UT"
  revision = "23d116af351c84513e1946b527c88823e476be13"
  version = "v1.3.0"

[[projects]]
  digest = "1:6782ffc812e8e700e6952ede1e60487ff1fd9da489eff762985be662a7cfc431"
  name = "github.com/leodido/go-urn"
  packages = ["."]
  pruneopts = "UT"
  revision = "70078a794e8ea4b497ba7c19a78cd60f90ccf0f4"
  version = "v1.1.0"

[[projects]]
  digest = "1:cf31692c14422fa27c83a05292eb5cbe0fb2775972e8f1f8446a71549bd8980b"
  name = "github.com/pkg/errors"
  packages = ["."]
  pruneopts = "UT"
  revision = "ba968bfe8b2f7e042a574c888954fccecfa385b4"
  version = "v0.8.1"

[[projects]]
  digest = "1:ee2db1a4b9111947da887ff2f8972dd2cc80906e521a2d856901fa699b4b51ee"
  name = "gopkg.in/go-playground/validator.v9"
  packages = ["."]
  pruneopts = "UT"
  revision = "884d31b8cad6a1ec877f2400d555924cea03bbea"
  version = "v9.29.0"

[solve-meta]
  analyzer-name = "dep"
  analyzer-version = 1
  input-imports = [
    "github.com/gorilla/csrf",
    "github.com/gorilla/handlers",
    "github.com/gorilla/mux",
    "github.com/gorilla/securecookie",
    "github.com/gorilla/sessions",
    "github.com/joho/godotenv",
    "gopkg.in/go-playground/validator.v9",
  ]
  solver-name = "gps-cdcl"
  solver-version = 1
